
Microsoft Visual Studio Solution File, Format Version 12.00
# Visual Studio Version 17
VisualStudioVersion = 17.14.36429.23 d17.14
MinimumVisualStudioVersion = 10.0.40219.1
Project("{2150E333-8FDC-42A3-9474-1A3956D46DE8}") = "Task0", "Task0", "{02EA681E-C7D8-13C7-8484-4AC65E1B71E8}"
EndProject
Project("{FAE04EC0-301F-11D3-BF4B-00C04F79EFBC}") = "Tyuiu.NeldnerMK.Sprint1.Task0.V26", "Tyuiu.NeldnerMK.Sprint1.Task0.V26\Tyuiu.NeldnerMK.Sprint1.Task0.V26.csproj", "{B9DE4504-62F3-479C-BFF6-05D33A40D6E3}"
EndProject
Project("{FAE04EC0-301F-11D3-BF4B-00C04F79EFBC}") = "Tyuiu.NeldnerMK.Sprint1.Task0.V26.Lib", "Tyuiu.NeldnerMK.Sprint1.Task0.V26.Lib\Tyuiu.NeldnerMK.Sprint1.Task0.V26.Lib.csproj", "{4BCEFD1A-D6CD-44FB-9920-751BEC0FD724}"
EndProject
Project("{FAE04EC0-301F-11D3-BF4B-00C04F79EFBC}") = "Tyuiu.NeldnerMK.Sprint1.Task0.V26.Test", "Tyuiu.NeldnerMK.Sprint1.Task0.V26.Test\Tyuiu.NeldnerMK.Sprint1.Task0.V26.Test.csproj", "{8F290BB2-4998-4A81-BF6C-1FA204DA47D5}"
EndProject
Project("{2150E333-8FDC-42A3-9474-1A3956D46DE8}") = "Task1", "Task1", "{5E047EF9-8450-430A-8ABE-84C441F38D0F}"
EndProject
Project("{FAE04EC0-301F-11D3-BF4B-00C04F79EFBC}") = "Tyuiu.NeldnerMK.Sprint1.Task1.V30", "Tyuiu.NeldnerMK.Sprint1.Task1.V30\Tyuiu.NeldnerMK.Sprint1.Task1.V30.csproj", "{9044055B-D326-4D3C-86AC-C00390E3B220}"
EndProject
Project("{FAE04EC0-301F-11D3-BF4B-00C04F79EFBC}") = "Tyuiu.NeldnerMK.Sprint1.Task1.V30.Lib", "Tyuiu.NeldnerMK.Sprint1.Task1.V30.Lib\Tyuiu.NeldnerMK.Sprint1.Task1.V30.Lib.csproj", "{FAE95C4F-C6CA-45AB-867B-39D0D30482A5}"
EndProject
Project("{FAE04EC0-301F-11D3-BF4B-00C04F79EFBC}") = "Tyuiu.NeldnerMK.Sprint1.Task1.V30.Test", "Tyuiu.NeldnerMK.Sprint1.Task1.V30.Test\Tyuiu.NeldnerMK.Sprint1.Task1.V30.Test.csproj", "{A2A75D6E-5D8D-46D0-82AB-807B9F591CD6}"
EndProject
Project("{2150E333-8FDC-42A3-9474-1A3956D46DE8}") = "Task2", "Task2", "{9E190E25-75A2-40AF-B29A-6212E84D8814}"
EndProject
Project("{FAE04EC0-301F-11D3-BF4B-00C04F79EFBC}") = "Tyuiu.NeldnerMK.Sprint1.Task2.V22", "Tyuiu.NeldnerMK.Sprint1.Task2.V22\Tyuiu.NeldnerMK.Sprint1.Task2.V22.csproj", "{96126386-E591-4611-A9AD-D5D1D9BC81E4}"
EndProject
Project("{FAE04EC0-301F-11D3-BF4B-00C04F79EFBC}") = "Tyuiu.NeldnerMK.Sprint1.Task2.V22.Lib", "Tyuiu.NeldnerMK.Sprint1.Task2.V22.Lib\Tyuiu.NeldnerMK.Sprint1.Task2.V22.Lib.csproj", "{D56A7A78-03FB-44E7-87CF-ABB9109AB27F}"
EndProject
Project("{FAE04EC0-301F-11D3-BF4B-00C04F79EFBC}") = "Tyuiu.NeldnerMK.Sprint1.Task2.V22.Test", "Tyuiu.NeldnerMK.Sprint1.Task2.V22.Test\Tyuiu.NeldnerMK.Sprint1.Task2.V22.Test.csproj", "{9E5266D8-1075-4171-85AD-4D97FC2AB13A}"
EndProject
Global
	GlobalSection(SolutionConfigurationPlatforms) = preSolution
		Debug|Any CPU = Debug|Any CPU
		Release|Any CPU = Release|Any CPU
	EndGlobalSection
	GlobalSection(ProjectConfigurationPlatforms) = postSolution
		{B9DE4504-62F3-479C-BFF6-05D33A40D6E3}.Debug|Any CPU.ActiveCfg = Debug|Any CPU
		{B9DE4504-62F3-479C-BFF6-05D33A40D6E3}.Debug|Any CPU.Build.0 = Debug|Any CPU
		{B9DE4504-62F3-479C-BFF6-05D33A40D6E3}.Release|Any CPU.ActiveCfg = Release|Any CPU
		{B9DE4504-62F3-479C-BFF6-05D33A40D6E3}.Release|Any CPU.Build.0 = Release|Any CPU
		{4BCEFD1A-D6CD-44FB-9920-751BEC0FD724}.Debug|Any CPU.ActiveCfg = Debug|Any CPU
		{4BCEFD1A-D6CD-44FB-9920-751BEC0FD724}.Debug|Any CPU.Build.0 = Debug|Any CPU
		{4BCEFD1A-D6CD-44FB-9920-751BEC0FD724}.Release|Any CPU.ActiveCfg = Release|Any CPU
		{4BCEFD1A-D6CD-44FB-9920-751BEC0FD724}.Release|Any CPU.Build.0 = Release|Any CPU
		{8F290BB2-4998-4A81-BF6C-1FA204DA47D5}.Debug|Any CPU.ActiveCfg = Debug|Any CPU
		{8F290BB2-4998-4A81-BF6C-1FA204DA47D5}.Debug|Any CPU.Build.0 = Debug|Any CPU
		{8F290BB2-4998-4A81-BF6C-1FA204DA47D5}.Release|Any CPU.ActiveCfg = Release|Any CPU
		{8F290BB2-4998-4A81-BF6C-1FA204DA47D5}.Release|Any CPU.Build.0 = Release|Any CPU
		{9044055B-D326-4D3C-86AC-C00390E3B220}.Debug|Any CPU.ActiveCfg = Debug|Any CPU
		{9044055B-D326-4D3C-86AC-C00390E3B220}.Debug|Any CPU.Build.0 = Debug|Any CPU
		{9044055B-D326-4D3C-86AC-C00390E3B220}.Release|Any CPU.ActiveCfg = Release|Any CPU
		{9044055B-D326-4D3C-86AC-C00390E3B220}.Release|Any CPU.Build.0 = Release|Any CPU
		{FAE95C4F-C6CA-45AB-867B-39D0D30482A5}.Debug|Any CPU.ActiveCfg = Debug|Any CPU
		{FAE95C4F-C6CA-45AB-867B-39D0D30482A5}.Debug|Any CPU.Build.0 = Debug|Any CPU
		{FAE95C4F-C6CA-45AB-867B-39D0D30482A5}.Release|Any CPU.ActiveCfg = Release|Any CPU
		{FAE95C4F-C6CA-45AB-867B-39D0D30482A5}.Release|Any CPU.Build.0 = Release|Any CPU
		{A2A75D6E-5D8D-46D0-82AB-807B9F591CD6}.Debug|Any CPU.ActiveCfg = Debug|Any CPU
		{A2A75D6E-5D8D-46D0-82AB-807B9F591CD6}.Debug|Any CPU.Build.0 = Debug|Any CPU
		{A2A75D6E-5D8D-46D0-82AB-807B9F591CD6}.Release|Any CPU.ActiveCfg = Release|Any CPU
		{A2A75D6E-5D8D-46D0-82AB-807B9F591CD6}.Release|Any CPU.Build.0 = Release|Any CPU
		{96126386-E591-4611-A9AD-D5D1D9BC81E4}.Debug|Any CPU.ActiveCfg = Debug|Any CPU
		{96126386-E591-4611-A9AD-D5D1D9BC81E4}.Debug|Any CPU.Build.0 = Debug|Any CPU
		{96126386-E591-4611-A9AD-D5D1D9BC81E4}.Release|Any CPU.ActiveCfg = Release|Any CPU
		{96126386-E591-4611-A9AD-D5D1D9BC81E4}.Release|Any CPU.Build.0 = Release|Any CPU
		{D56A7A78-03FB-44E7-87CF-ABB9109AB27F}.Debug|Any CPU.ActiveCfg = Debug|Any CPU
		{D56A7A78-03FB-44E7-87CF-ABB9109AB27F}.Debug|Any CPU.Build.0 = Debug|Any CPU
		{D56A7A78-03FB-44E7-87CF-ABB9109AB27F}.Release|Any CPU.ActiveCfg = Release|Any CPU
		{D56A7A78-03FB-44E7-87CF-ABB9109AB27F}.Release|Any CPU.Build.0 = Release|Any CPU
		{9E5266D8-1075-4171-85AD-4D97FC2AB13A}.Debug|Any CPU.ActiveCfg = Debug|Any CPU
		{9E5266D8-1075-4171-85AD-4D97FC2AB13A}.Debug|Any CPU.Build.0 = Debug|Any CPU
		{9E5266D8-1075-4171-85AD-4D97FC2AB13A}.Release|Any CPU.ActiveCfg = Release|Any CPU
		{9E5266D8-1075-4171-85AD-4D97FC2AB13A}.Release|Any CPU.Build.0 = Release|Any CPU
	EndGlobalSection
	GlobalSection(SolutionProperties) = preSolution
		HideSolutionNode = FALSE
	EndGlobalSection
	GlobalSection(NestedProjects) = preSolution
		{B9DE4504-62F3-479C-BFF6-05D33A40D6E3} = {02EA681E-C7D8-13C7-8484-4AC65E1B71E8}
		{4BCEFD1A-D6CD-44FB-9920-751BEC0FD724} = {02EA681E-C7D8-13C7-8484-4AC65E1B71E8}
		{8F290BB2-4998-4A81-BF6C-1FA204DA47D5} = {02EA681E-C7D8-13C7-8484-4AC65E1B71E8}
		{9044055B-D326-4D3C-86AC-C00390E3B220} = {5E047EF9-8450-430A-8ABE-84C441F38D0F}
		{FAE95C4F-C6CA-45AB-867B-39D0D30482A5} = {5E047EF9-8450-430A-8ABE-84C441F38D0F}
		{A2A75D6E-5D8D-46D0-82AB-807B9F591CD6} = {5E047EF9-8450-430A-8ABE-84C441F38D0F}
		{96126386-E591-4611-A9AD-D5D1D9BC81E4} = {9E190E25-75A2-40AF-B29A-6212E84D8814}
		{D56A7A78-03FB-44E7-87CF-ABB9109AB27F} = {9E190E25-75A2-40AF-B29A-6212E84D8814}
		{9E5266D8-1075-4171-85AD-4D97FC2AB13A} = {9E190E25-75A2-40AF-B29A-6212E84D8814}
	EndGlobalSection
	GlobalSection(ExtensibilityGlobals) = postSolution
		SolutionGuid = {76ACA2FB-8AE0-42C9-8245-9AC7ABFA47DE}
	EndGlobalSection
EndGlobal
